
Microsoft Visual Studio Solution File, Format Version 12.00
# Visual Studio 15
VisualStudioVersion = 15.0.26124.0
MinimumVisualStudioVersion = 15.0.26124.0
Project("{FAE04EC0-301F-11D3-BF4B-00C04F79EFBC}") = "SendGridClient", "SendGridClient\SendGridClient.csproj", "{6FCA500A-013A-4A3E-ADC6-3AF8BC075640}"
EndProject
Project("{FAE04EC0-301F-11D3-BF4B-00C04F79EFBC}") = "SendGridLib", "SendGridlib\SendGridLib.csproj", "{3E90D2F5-45C8-47C4-A378-A33D71795090}"
EndProject
Global
	GlobalSection(SolutionConfigurationPlatforms) = preSolution
		Debug|Any CPU = Debug|Any CPU
		Debug|x64 = Debug|x64
		Debug|x86 = Debug|x86
		Release|Any CPU = Release|Any CPU
		Release|x64 = Release|x64
		Release|x86 = Release|x86
	EndGlobalSection
	GlobalSection(SolutionProperties) = preSolution
		HideSolutionNode = FALSE
	EndGlobalSection
	GlobalSection(ProjectConfigurationPlatforms) = postSolution
		{6FCA500A-013A-4A3E-ADC6-3AF8BC075640}.Debug|Any CPU.ActiveCfg = Debug|Any CPU
		{6FCA500A-013A-4A3E-ADC6-3AF8BC075640}.Debug|Any CPU.Build.0 = Debug|Any CPU
		{6FCA500A-013A-4A3E-ADC6-3AF8BC075640}.Debug|x64.ActiveCfg = Debug|Any CPU
		{6FCA500A-013A-4A3E-ADC6-3AF8BC075640}.Debug|x64.Build.0 = Debug|Any CPU
		{6FCA500A-013A-4A3E-ADC6-3AF8BC075640}.Debug|x86.ActiveCfg = Debug|Any CPU
		{6FCA500A-013A-4A3E-ADC6-3AF8BC075640}.Debug|x86.Build.0 = Debug|Any CPU
		{6FCA500A-013A-4A3E-ADC6-3AF8BC075640}.Release|Any CPU.ActiveCfg = Release|Any CPU
		{6FCA500A-013A-4A3E-ADC6-3AF8BC075640}.Release|Any CPU.Build.0 = Release|Any CPU
		{6FCA500A-013A-4A3E-ADC6-3AF8BC075640}.Release|x64.ActiveCfg = Release|Any CPU
		{6FCA500A-013A-4A3E-ADC6-3AF8BC075640}.Release|x64.Build.0 = Release|Any CPU
		{6FCA500A-013A-4A3E-ADC6-3AF8BC075640}.Release|x86.ActiveCfg = Release|Any CPU
		{6FCA500A-013A-4A3E-ADC6-3AF8BC075640}.Release|x86.Build.0 = Release|Any CPU
		{3E90D2F5-45C8-47C4-A378-A33D71795090}.Debug|Any CPU.ActiveCfg = Debug|Any CPU
		{3E90D2F5-45C8-47C4-A378-A33D71795090}.Debug|Any CPU.Build.0 = Debug|Any CPU
		{3E90D2F5-45C8-47C4-A378-A33D71795090}.Debug|x64.ActiveCfg = Debug|Any CPU
		{3E90D2F5-45C8-47C4-A378-A33D71795090}.Debug|x64.Build.0 = Debug|Any CPU
		{3E90D2F5-45C8-47C4-A378-A33D71795090}.Debug|x86.ActiveCfg = Debug|Any CPU
		{3E90D2F5-45C8-47C4-A378-A33D71795090}.Debug|x86.Build.0 = Debug|Any CPU
		{3E90D2F5-45C8-47C4-A378-A33D71795090}.Release|Any CPU.ActiveCfg = Release|Any CPU
		{3E90D2F5-45C8-47C4-A378-A33D71795090}.Release|Any CPU.Build.0 = Release|Any CPU
		{3E90D2F5-45C8-47C4-A378-A33D71795090}.Release|x64.ActiveCfg = Release|Any CPU
		{3E90D2F5-45C8-47C4-A378-A33D71795090}.Release|x64.Build.0 = Release|Any CPU
		{3E90D2F5-45C8-47C4-A378-A33D71795090}.Release|x86.ActiveCfg = Release|Any CPU
		{3E90D2F5-45C8-47C4-A378-A33D71795090}.Release|x86.Build.0 = Release|Any CPU
	EndGlobalSection
EndGlobal
